
Microsoft Visual Studio Solution File, Format Version 12.00
# Visual Studio Version 17
VisualStudioVersion = 17.13.35931.197 d17.13
MinimumVisualStudioVersion = 10.0.40219.1
Project("{FAE04EC0-301F-11D3-BF4B-00C04F79EFBC}") = "Mvc_Ogrenci_Kayit", "Mvc_Ogrenci_Kayit\Mvc_Ogrenci_Kayit.csproj", "{DD12D0AC-4E22-4451-ADED-5865F1373918}"
EndProject
Global
	GlobalSection(SolutionConfigurationPlatforms) = preSolution
		Debug|Any CPU = Debug|Any CPU
		Release|Any CPU = Release|Any CPU
	EndGlobalSection
	GlobalSection(ProjectConfigurationPlatforms) = postSolution
		{DD12D0AC-4E22-4451-ADED-5865F1373918}.Debug|Any CPU.ActiveCfg = Debug|Any CPU
		{DD12D0AC-4E22-4451-ADED-5865F1373918}.Debug|Any CPU.Build.0 = Debug|Any CPU
		{DD12D0AC-4E22-4451-ADED-5865F1373918}.Release|Any CPU.ActiveCfg = Release|Any CPU
		{DD12D0AC-4E22-4451-ADED-5865F1373918}.Release|Any CPU.Build.0 = Release|Any CPU
	EndGlobalSection
	GlobalSection(SolutionProperties) = preSolution
		HideSolutionNode = FALSE
	EndGlobalSection
	GlobalSection(ExtensibilityGlobals) = postSolution
		SolutionGuid = {5F74BDCD-4F57-4620-8D4E-CDB8282568F2}
	EndGlobalSection
EndGlobal
